
Microsoft Visual Studio Solution File, Format Version 12.00
# Visual Studio Version 16
VisualStudioVersion = 16.0.31321.278
MinimumVisualStudioVersion = 10.0.40219.1
Project("{FAE04EC0-301F-11D3-BF4B-00C04F79EFBC}") = "WebScrappingWebAPI", "WebScrappingWebAPI\WebScrappingWebAPI.csproj", "{5C2D7FAA-19D2-4864-9212-D418A5A075F0}"
EndProject
Project("{FAE04EC0-301F-11D3-BF4B-00C04F79EFBC}") = "MigrationToolWebAPI", "MigrationToolWebAPI\MigrationToolWebAPI.csproj", "{D9121A71-CB5E-45A9-98CB-73034EE7C13B}"
EndProject
Global
	GlobalSection(SolutionConfigurationPlatforms) = preSolution
		Debug|Any CPU = Debug|Any CPU
		Release|Any CPU = Release|Any CPU
	EndGlobalSection
	GlobalSection(ProjectConfigurationPlatforms) = postSolution
		{5C2D7FAA-19D2-4864-9212-D418A5A075F0}.Debug|Any CPU.ActiveCfg = Debug|Any CPU
		{5C2D7FAA-19D2-4864-9212-D418A5A075F0}.Debug|Any CPU.Build.0 = Debug|Any CPU
		{5C2D7FAA-19D2-4864-9212-D418A5A075F0}.Release|Any CPU.ActiveCfg = Release|Any CPU
		{5C2D7FAA-19D2-4864-9212-D418A5A075F0}.Release|Any CPU.Build.0 = Release|Any CPU
		{D9121A71-CB5E-45A9-98CB-73034EE7C13B}.Debug|Any CPU.ActiveCfg = Debug|Any CPU
		{D9121A71-CB5E-45A9-98CB-73034EE7C13B}.Debug|Any CPU.Build.0 = Debug|Any CPU
		{D9121A71-CB5E-45A9-98CB-73034EE7C13B}.Release|Any CPU.ActiveCfg = Release|Any CPU
		{D9121A71-CB5E-45A9-98CB-73034EE7C13B}.Release|Any CPU.Build.0 = Release|Any CPU
	EndGlobalSection
	GlobalSection(SolutionProperties) = preSolution
		HideSolutionNode = FALSE
	EndGlobalSection
	GlobalSection(ExtensibilityGlobals) = postSolution
		SolutionGuid = {46FC91C2-186B-4103-9CFE-FC25E09E617E}
	EndGlobalSection
EndGlobal
